
Microsoft Visual Studio Solution File, Format Version 12.00
# Visual Studio Version 17
VisualStudioVersion = 17.6.33829.357
MinimumVisualStudioVersion = 10.0.40219.1
Project("{FAE04EC0-301F-11D3-BF4B-00C04F79EFBC}") = "project80", "project80.csproj", "{77C72DA2-3D80-450F-A45D-649183C2C289}"
EndProject
Global
	GlobalSection(SolutionConfigurationPlatforms) = preSolution
		Debug|Any CPU = Debug|Any CPU
		Release|Any CPU = Release|Any CPU
	EndGlobalSection
	GlobalSection(ProjectConfigurationPlatforms) = postSolution
		{77C72DA2-3D80-450F-A45D-649183C2C289}.Debug|Any CPU.ActiveCfg = Debug|Any CPU
		{77C72DA2-3D80-450F-A45D-649183C2C289}.Debug|Any CPU.Build.0 = Debug|Any CPU
		{77C72DA2-3D80-450F-A45D-649183C2C289}.Release|Any CPU.ActiveCfg = Release|Any CPU
		{77C72DA2-3D80-450F-A45D-649183C2C289}.Release|Any CPU.Build.0 = Release|Any CPU
	EndGlobalSection
	GlobalSection(SolutionProperties) = preSolution
		HideSolutionNode = FALSE
	EndGlobalSection
	GlobalSection(ExtensibilityGlobals) = postSolution
		SolutionGuid = {123A26A7-24B9-4093-AF02-00C2FD45F584}
	EndGlobalSection
EndGlobal
